
Microsoft Visual Studio Solution File, Format Version 12.00
# Visual Studio Version 17
VisualStudioVersion = 17.1.32421.90
MinimumVisualStudioVersion = 10.0.40219.1
Project("{FAE04EC0-301F-11D3-BF4B-00C04F79EFBC}") = "MatchGame", "MatchGame\MatchGame.csproj", "{C9ACB276-D79B-4EBD-9B5E-97021B06EBA9}"
EndProject
Global
	GlobalSection(SolutionConfigurationPlatforms) = preSolution
		Debug|Any CPU = Debug|Any CPU
		Release|Any CPU = Release|Any CPU
	EndGlobalSection
	GlobalSection(ProjectConfigurationPlatforms) = postSolution
		{C9ACB276-D79B-4EBD-9B5E-97021B06EBA9}.Debug|Any CPU.ActiveCfg = Debug|Any CPU
		{C9ACB276-D79B-4EBD-9B5E-97021B06EBA9}.Debug|Any CPU.Build.0 = Debug|Any CPU
		{C9ACB276-D79B-4EBD-9B5E-97021B06EBA9}.Release|Any CPU.ActiveCfg = Release|Any CPU
		{C9ACB276-D79B-4EBD-9B5E-97021B06EBA9}.Release|Any CPU.Build.0 = Release|Any CPU
	EndGlobalSection
	GlobalSection(SolutionProperties) = preSolution
		HideSolutionNode = FALSE
	EndGlobalSection
	GlobalSection(ExtensibilityGlobals) = postSolution
		SolutionGuid = {87722F83-F7E1-43C8-8241-0CD8FE7D1A3A}
	EndGlobalSection
EndGlobal
